{
  "name": "npm_workspaces",
  "lockfileVersion": 3,
  "requires": true,
  "packages": {
    "": {
      "name": "npm_workspaces",
      "license": "ISC",
      "workspaces": [
        "packages/*"
      ]
    },
    "node_modules/package_a": {
      "resolved": "packages/package_a",
      "link": true
    },
    "node_modules/package_b": {
      "resolved": "packages/package_b",
      "link": true
    },
    "packages/package_a": {
      "version": "1.0.0"
    },
    "packages/package_b": {
      "version": "1.0.0",
      "dependencies": {
        "package_a": "1.0.0"
      }
    }
  }
}
